// !$*UTF8*$!
{
	archiveVersion = 1;
	classes = {
	};
	objectVersion = 50;
	objects = {

/* Begin PBXBuildFile section */
		539185E6259522AA009D239F /* AppDelegate.swift in Sources */ = {isa = PBXBuildFile; fileRef = 539185E5259522AA009D239F /* AppDelegate.swift */; };
		539185E8259522AA009D239F /* SceneDelegate.swift in Sources */ = {isa = PBXBuildFile; fileRef = 539185E7259522AA009D239F /* SceneDelegate.swift */; };
		539185EA259522AA009D239F /* ShuffleViewController.swift in Sources */ = {isa = PBXBuildFile; fileRef = 539185E9259522AA009D239F /* ShuffleViewController.swift */; };
		539185ED259522AA009D239F /* Main.storyboard in Resources */ = {isa = PBXBuildFile; fileRef = 539185EB259522AA009D239F /* Main.storyboard */; };
		539185EF259522AD009D239F /* Assets.xcassets in Resources */ = {isa = PBXBuildFile; fileRef = 539185EE259522AD009D239F /* Assets.xcassets */; };
		539185F2259522AD009D239F /* LaunchScreen.storyboard in Resources */ = {isa = PBXBuildFile; fileRef = 539185F0259522AD009D239F /* LaunchScreen.storyboard */; };
		53A4272D25958E660005BE50 /* FriendsViewController.swift in Sources */ = {isa = PBXBuildFile; fileRef = 53A4272C25958E660005BE50 /* FriendsViewController.swift */; };
		53C9EABE2596437D00678008 /* GroupsViewController.swift in Sources */ = {isa = PBXBuildFile; fileRef = 53C9EABD2596437D00678008 /* GroupsViewController.swift */; };
/* End PBXBuildFile section */

/* Begin PBXFileReference section */
		539185E2259522AA009D239F /* AmigoSecreto.app */ = {isa = PBXFileReference; explicitFileType = wrapper.application; includeInIndex = 0; path = AmigoSecreto.app; sourceTree = BUILT_PRODUCTS_DIR; };
		539185E5259522AA009D239F /* AppDelegate.swift */ = {isa = PBXFileReference; lastKnownFileType = sourcecode.swift; path = AppDelegate.swift; sourceTree = "<group>"; };
		539185E7259522AA009D239F /* SceneDelegate.swift */ = {isa = PBXFileReference; lastKnownFileType = sourcecode.swift; path = SceneDelegate.swift; sourceTree = "<group>"; };
		539185E9259522AA009D239F /* ShuffleViewController.swift */ = {isa = PBXFileReference; lastKnownFileType = sourcecode.swift; path = ShuffleViewController.swift; sourceTree = "<group>"; };
		539185EC259522AA009D239F /* Base */ = {isa = PBXFileReference; lastKnownFileType = file.storyboard; name = Base; path = Base.lproj/Main.storyboard; sourceTree = "<group>"; };
		539185EE259522AD009D239F /* Assets.xcassets */ = {isa = PBXFileReference; lastKnownFileType = folder.assetcatalog; path = Assets.xcassets; sourceTree = "<group>"; };
		539185F1259522AD009D239F /* Base */ = {isa = PBXFileReference; lastKnownFileType = file.storyboard; name = Base; path = Base.lproj/LaunchScreen.storyboard; sourceTree = "<group>"; };
		539185F3259522AD009D239F /* Info.plist */ = {isa = PBXFileReference; lastKnownFileType = text.plist.xml; path = Info.plist; sourceTree = "<group>"; };
		53A4272C25958E660005BE50 /* FriendsViewController.swift */ = {isa = PBXFileReference; lastKnownFileType = sourcecode.swift; path = FriendsViewController.swift; sourceTree = "<group>"; };
		53C9EABD2596437D00678008 /* GroupsViewController.swift */ = {isa = PBXFileReference; lastKnownFileType = sourcecode.swift; path = GroupsViewController.swift; sourceTree = "<group>"; };
/* End PBXFileReference section */

/* Begin PBXFrameworksBuildPhase section */
		539185DF259522AA009D239F /* Frameworks */ = {
			isa = PBXFrameworksBuildPhase;
			buildActionMask = 2147483647;
			files = (
			);
			runOnlyForDeploymentPostprocessing = 0;
		};
/* End PBXFrameworksBuildPhase section */

/* Begin PBXGroup section */
		539185D9259522AA009D239F = {
			isa = PBXGroup;
			children = (
				539185E4259522AA009D239F /* AmigoSecreto */,
				539185E3259522AA009D239F /* Products */,
			);
			sourceTree = "<group>";
		};
		539185E3259522AA009D239F /* Products */ = {
			isa = PBXGroup;
			children = (
				539185E2259522AA009D239F /* AmigoSecreto.app */,
			);
			name = Products;
			sourceTree = "<group>";
		};
		539185E4259522AA009D239F /* AmigoSecreto */ = {
			isa = PBXGroup;
			children = (
				539185E5259522AA009D239F /* AppDelegate.swift */,
				539185E7259522AA009D239F /* SceneDelegate.swift */,
				539185E9259522AA009D239F /* ShuffleViewController.swift */,
				539185EB259522AA009D239F /* Main.storyboard */,
				539185EE259522AD009D239F /* Assets.xcassets */,
				539185F0259522AD009D239F /* LaunchScreen.storyboard */,
				539185F3259522AD009D239F /* Info.plist */,
				53A4272C25958E660005BE50 /* FriendsViewController.swift */,
				53C9EABD2596437D00678008 /* GroupsViewController.swift */,
			);
			path = AmigoSecreto;
			sourceTree = "<group>";
		};
/* End PBXGroup section */

/* Begin PBXNativeTarget section */
		539185E1259522AA009D239F /* AmigoSecreto */ = {
			isa = PBXNativeTarget;
			buildConfigurationList = 539185F6259522AD009D239F /* Build configuration list for PBXNativeTarget "AmigoSecreto" */;
			buildPhases = (
				539185DE259522AA009D239F /* Sources */,
				539185DF259522AA009D239F /* Frameworks */,
				539185E0259522AA009D239F /* Resources */,
			);
			buildRules = (
			);
			dependencies = (
			);
			name = AmigoSecreto;
			productName = AmigoSecreto;
			productReference = 539185E2259522AA009D239F /* AmigoSecreto.app */;
			productType = "com.apple.product-type.application";
		};
/* End PBXNativeTarget section */

/* Begin PBXProject section */
		539185DA259522AA009D239F /* Project object */ = {
			isa = PBXProject;
			attributes = {
				LastSwiftUpdateCheck = 1230;
				LastUpgradeCheck = 1230;
				TargetAttributes = {
					539185E1259522AA009D239F = {
						CreatedOnToolsVersion = 12.3;
					};
				};
			};
			buildConfigurationList = 539185DD259522AA009D239F /* Build configuration list for PBXProject "AmigoSecreto" */;
			compatibilityVersion = "Xcode 9.3";
			developmentRegion = en;
			hasScannedForEncodings = 0;
			knownRegions = (
				en,
				Base,
			);
			mainGroup = 539185D9259522AA009D239F;
			productRefGroup = 539185E3259522AA009D239F /* Products */;
			projectDirPath = "";
			projectRoot = "";
			targets = (
				539185E1259522AA009D239F /* AmigoSecreto */,
			);
		};
/* End PBXProject section */

/* Begin PBXResourcesBuildPhase section */
		539185E0259522AA009D239F /* Resources */ = {
			isa = PBXResourcesBuildPhase;
			buildActionMask = 2147483647;
			files = (
				539185F2259522AD009D239F /* LaunchScreen.storyboard in Resources */,
				539185EF259522AD009D239F /* Assets.xcassets in Resources */,
				539185ED259522AA009D239F /* Main.storyboard in Resources */,
			);
			runOnlyForDeploymentPostprocessing = 0;
		};
/* End PBXResourcesBuildPhase section */

/* Begin PBXSourcesBuildPhase section */
		539185DE259522AA009D239F /* Sources */ = {
			isa = PBXSourcesBuildPhase;
			buildActionMask = 2147483647;
			files = (
				53A4272D25958E660005BE50 /* FriendsViewController.swift in Sources */,
				539185EA259522AA009D239F /* ShuffleViewController.swift in Sources */,
				539185E6259522AA009D239F /* AppDelegate.swift in Sources */,
				539185E8259522AA009D239F /* SceneDelegate.swift in Sources */,
				53C9EABE2596437D00678008 /* GroupsViewController.swift in Sources */,
			);
			runOnlyForDeploymentPostprocessing = 0;
		};
/* End PBXSourcesBuildPhase section */

/* Begin PBXVariantGroup section */
		539185EB259522AA009D239F /* Main.storyboard */ = {
			isa = PBXVariantGroup;
			children = (
				539185EC259522AA009D239F /* Base */,
			);
			name = Main.storyboard;
			sourceTree = "<group>";
		};
		539185F0259522AD009D239F /* LaunchScreen.storyboard */ = {
			isa = PBXVariantGroup;
			children = (
				539185F1259522AD009D239F /* Base */,
			);
			name = LaunchScreen.storyboard;
			sourceTree = "<group>";
		};
/* End PBXVariantGroup section */

/* Begin XCBuildConfiguration section */
		539185F4259522AD009D239F /* Debug */ = {
			isa = XCBuildConfiguration;
			buildSettings = {
				ALWAYS_SEARCH_USER_PATHS = NO;
				CLANG_ANALYZER_NONNULL = YES;
				CLANG_ANALYZER_NUMBER_OBJECT_CONVERSION = YES_AGGRESSIVE;
				CLANG_CXX_LANGUAGE_STANDARD = "gnu++14";
				CLANG_CXX_LIBRARY = "libc++";
				CLANG_ENABLE_MODULES = YES;
				CLANG_ENABLE_OBJC_ARC = YES;
				CLANG_ENABLE_OBJC_WEAK = YES;
				CLANG_WARN_BLOCK_CAPTURE_AUTORELEASING = YES;
				CLANG_WARN_BOOL_CONVERSION = YES;
				CLANG_WARN_COMMA = YES;
				CLANG_WARN_CONSTANT_CONVERSION = YES;
				CLANG_WARN_DEPRECATED_OBJC_IMPLEMENTATIONS = YES;
				CLANG_WARN_DIRECT_OBJC_ISA_USAGE = YES_ERROR;
				CLANG_WARN_DOCUMENTATION_COMMENTS = YES;
				CLANG_WARN_EMPTY_BODY = YES;
				CLANG_WARN_ENUM_CONVERSION = YES;
				CLANG_WARN_INFINITE_RECURSION = YES;
				CLANG_WARN_INT_CONVERSION = YES;
				CLANG_WARN_NON_LITERAL_NULL_CONVERSION = YES;
				CLANG_WARN_OBJC_IMPLICIT_RETAIN_SELF = YES;
				CLANG_WARN_OBJC_LITERAL_CONVERSION = YES;
				CLANG_WARN_OBJC_ROOT_CLASS = YES_ERROR;
				CLANG_WARN_QUOTED_INCLUDE_IN_FRAMEWORK_HEADER = YES;
				CLANG_WARN_RANGE_LOOP_ANALYSIS = YES;
				CLANG_WARN_STRICT_PROTOTYPES = YES;
				CLANG_WARN_SUSPICIOUS_MOVE = YES;
				CLANG_WARN_UNGUARDED_AVAILABILITY = YES_AGGRESSIVE;
				CLANG_WARN_UNREACHABLE_CODE = YES;
				CLANG_WARN__DUPLICATE_METHOD_MATCH = YES;
				COPY_PHASE_STRIP = NO;
				DEBUG_INFORMATION_FORMAT = dwarf;
				ENABLE_STRICT_OBJC_MSGSEND = YES;
				ENABLE_TESTABILITY = YES;
				GCC_C_LANGUAGE_STANDARD = gnu11;
				GCC_DYNAMIC_NO_PIC = NO;
				GCC_NO_COMMON_BLOCKS = YES;
				GCC_OPTIMIZATION_LEVEL = 0;
				GCC_PREPROCESSOR_DEFINITIONS = (
					"DEBUG=1",
					"$(inherited)",
				);
				GCC_WARN_64_TO_32_BIT_CONVERSION = YES;
				GCC_WARN_ABOUT_RETURN_TYPE = YES_ERROR;
				GCC_WARN_UNDECLARED_SELECTOR = YES;
				GCC_WARN_UNINITIALIZED_AUTOS = YES_AGGRESSIVE;
				GCC_WARN_UNUSED_FUNCTION = YES;
				GCC_WARN_UNUSED_VARIABLE = YES;
				IPHONEOS_DEPLOYMENT_TARGET = 14.3;
				MTL_ENABLE_DEBUG_INFO = INCLUDE_SOURCE;
				MTL_FAST_MATH = YES;
				ONLY_ACTIVE_ARCH = YES;
				SDKROOT = iphoneos;
				SWIFT_ACTIVE_COMPILATION_CONDITIONS = DEBUG;
				SWIFT_OPTIMIZATION_LEVEL = "-Onone";
			};
			name = Debug;
		};
		539185F5259522AD009D239F /* Release */ = {
			isa = XCBuildConfiguration;
			buildSettings = {
				ALWAYS_SEARCH_USER_PATHS = NO;
				CLANG_ANALYZER_NONNULL = YES;
				CLANG_ANALYZER_NUMBER_OBJECT_CONVERSION = YES_AGGRESSIVE;
				CLANG_CXX_LANGUAGE_STANDARD = "gnu++14";
				CLANG_CXX_LIBRARY = "libc++";
				CLANG_ENABLE_MODULES = YES;
				CLANG_ENABLE_OBJC_ARC = YES;
				CLANG_ENABLE_OBJC_WEAK = YES;
				CLANG_WARN_BLOCK_CAPTURE_AUTORELEASING = YES;
				CLANG_WARN_BOOL_CONVERSION = YES;
				CLANG_WARN_COMMA = YES;
				CLANG_WARN_CONSTANT_CONVERSION = YES;
				CLANG_WARN_DEPRECATED_OBJC_IMPLEMENTATIONS = YES;
				CLANG_WARN_DIRECT_OBJC_ISA_USAGE = YES_ERROR;
				CLANG_WARN_DOCUMENTATION_COMMENTS = YES;
				CLANG_WARN_EMPTY_BODY = YES;
				CLANG_WARN_ENUM_CONVERSION = YES;
				CLANG_WARN_INFINITE_RECURSION = YES;
				CLANG_WARN_INT_CONVERSION = YES;
				CLANG_WARN_NON_LITERAL_NULL_CONVERSION = YES;
				CLANG_WARN_OBJC_IMPLICIT_RETAIN_SELF = YES;
				CLANG_WARN_OBJC_LITERAL_CONVERSION = YES;
				CLANG_WARN_OBJC_ROOT_CLASS = YES_ERROR;
				CLANG_WARN_QUOTED_INCLUDE_IN_FRAMEWORK_HEADER = YES;
				CLANG_WARN_RANGE_LOOP_ANALYSIS = YES;
				CLANG_WARN_STRICT_PROTOTYPES = YES;
				CLANG_WARN_SUSPICIOUS_MOVE = YES;
				CLANG_WARN_UNGUARDED_AVAILABILITY = YES_AGGRESSIVE;
				CLANG_WARN_UNREACHABLE_CODE = YES;
				CLANG_WARN__DUPLICATE_METHOD_MATCH = YES;
				COPY_PHASE_STRIP = NO;
				DEBUG_INFORMATION_FORMAT = "dwarf-with-dsym";
				ENABLE_NS_ASSERTIONS = NO;
				ENABLE_STRICT_OBJC_MSGSEND = YES;
				GCC_C_LANGUAGE_STANDARD = gnu11;
				GCC_NO_COMMON_BLOCKS = YES;
				GCC_WARN_64_TO_32_BIT_CONVERSION = YES;
				GCC_WARN_ABOUT_RETURN_TYPE = YES_ERROR;
				GCC_WARN_UNDECLARED_SELECTOR = YES;
				GCC_WARN_UNINITIALIZED_AUTOS = YES_AGGRESSIVE;
				GCC_WARN_UNUSED_FUNCTION = YES;
				GCC_WARN_UNUSED_VARIABLE = YES;
				IPHONEOS_DEPLOYMENT_TARGET = 14.3;
				MTL_ENABLE_DEBUG_INFO = NO;
				MTL_FAST_MATH = YES;
				SDKROOT = iphoneos;
				SWIFT_COMPILATION_MODE = wholemodule;
				SWIFT_OPTIMIZATION_LEVEL = "-O";
				VALIDATE_PRODUCT = YES;
			};
			name = Release;
		};
		539185F7259522AD009D239F /* Debug */ = {
			isa = XCBuildConfiguration;
			buildSettings = {
				ASSETCATALOG_COMPILER_APPICON_NAME = AppIcon;
				ASSETCATALOG_COMPILER_GLOBAL_ACCENT_COLOR_NAME = AccentColor;
				CODE_SIGN_STYLE = Automatic;
				DEVELOPMENT_TEAM = LQ5WW9469F;
				INFOPLIST_FILE = AmigoSecreto/Info.plist;
				LD_RUNPATH_SEARCH_PATHS = (
					"$(inherited)",
					"@executable_path/Frameworks",
				);
				PRODUCT_BUNDLE_IDENTIFIER = "io.swift-yah.AmigoSecreto";
				PRODUCT_NAME = "$(TARGET_NAME)";
				SWIFT_VERSION = 5.0;
				TARGETED_DEVICE_FAMILY = "1,2";
			};
			name = Debug;
		};
		539185F8259522AD009D239F /* Release */ = {
			isa = XCBuildConfiguration;
			buildSettings = {
				ASSETCATALOG_COMPILER_APPICON_NAME = AppIcon;
				ASSETCATALOG_COMPILER_GLOBAL_ACCENT_COLOR_NAME = AccentColor;
				CODE_SIGN_STYLE = Automatic;
				DEVELOPMENT_TEAM = LQ5WW9469F;
				INFOPLIST_FILE = AmigoSecreto/Info.plist;
				LD_RUNPATH_SEARCH_PATHS = (
					"$(inherited)",
					"@executable_path/Frameworks",
				);
				PRODUCT_BUNDLE_IDENTIFIER = "io.swift-yah.AmigoSecreto";
				PRODUCT_NAME = "$(TARGET_NAME)";
				SWIFT_VERSION = 5.0;
				TARGETED_DEVICE_FAMILY = "1,2";
			};
			name = Release;
		};
/* End XCBuildConfiguration section */

/* Begin XCConfigurationList section */
		539185DD259522AA009D239F /* Build configuration list for PBXProject "AmigoSecreto" */ = {
			isa = XCConfigurationList;
			buildConfigurations = (
				539185F4259522AD009D239F /* Debug */,
				539185F5259522AD009D239F /* Release */,
			);
			defaultConfigurationIsVisible = 0;
			defaultConfigurationName = Release;
		};
		539185F6259522AD009D239F /* Build configuration list for PBXNativeTarget "AmigoSecreto" */ = {
			isa = XCConfigurationList;
			buildConfigurations = (
				539185F7259522AD009D239F /* Debug */,
				539185F8259522AD009D239F /* Release */,
			);
			defaultConfigurationIsVisible = 0;
			defaultConfigurationName = Release;
		};
/* End XCConfigurationList section */
	};
	rootObject = 539185DA259522AA009D239F /* Project object */;
}
